
Microsoft Visual Studio Solution File, Format Version 12.00
# Visual Studio Version 17
VisualStudioVersion = 17.10.35013.160
MinimumVisualStudioVersion = 10.0.40219.1
Project("{9A19103F-16F7-4668-BE54-9A1E7A4F7556}") = "HTTPServer", "HTTPServer\HTTPServer.csproj", "{9CCA4E39-005C-4EF1-9C85-51E6832C23AE}"
EndProject
Project("{9A19103F-16F7-4668-BE54-9A1E7A4F7556}") = "HTTP", "HTTP\HTTP.csproj", "{D5FA95C7-BC86-4996-88DA-09E3DB4CD204}"
EndProject
Global
	GlobalSection(SolutionConfigurationPlatforms) = preSolution
		Debug|Any CPU = Debug|Any CPU
		Release|Any CPU = Release|Any CPU
	EndGlobalSection
	GlobalSection(ProjectConfigurationPlatforms) = postSolution
		{9CCA4E39-005C-4EF1-9C85-51E6832C23AE}.Debug|Any CPU.ActiveCfg = Debug|Any CPU
		{9CCA4E39-005C-4EF1-9C85-51E6832C23AE}.Debug|Any CPU.Build.0 = Debug|Any CPU
		{9CCA4E39-005C-4EF1-9C85-51E6832C23AE}.Release|Any CPU.ActiveCfg = Release|Any CPU
		{9CCA4E39-005C-4EF1-9C85-51E6832C23AE}.Release|Any CPU.Build.0 = Release|Any CPU
		{D5FA95C7-BC86-4996-88DA-09E3DB4CD204}.Debug|Any CPU.ActiveCfg = Debug|Any CPU
		{D5FA95C7-BC86-4996-88DA-09E3DB4CD204}.Debug|Any CPU.Build.0 = Debug|Any CPU
		{D5FA95C7-BC86-4996-88DA-09E3DB4CD204}.Release|Any CPU.ActiveCfg = Release|Any CPU
		{D5FA95C7-BC86-4996-88DA-09E3DB4CD204}.Release|Any CPU.Build.0 = Release|Any CPU
	EndGlobalSection
	GlobalSection(SolutionProperties) = preSolution
		HideSolutionNode = FALSE
	EndGlobalSection
	GlobalSection(ExtensibilityGlobals) = postSolution
		SolutionGuid = {E901FC60-9304-4F31-92E8-F1C56CF5FA94}
	EndGlobalSection
EndGlobal
